// !$*UTF8*$!
{
	archiveVersion = 1;
	classes = {
	};
	objectVersion = 55;
	objects = {

/* Begin PBXBuildFile section */
		7E05F26727838D8D00E10821 /* AppDelegate.swift in Sources */ = {isa = PBXBuildFile; fileRef = 7E05F26627838D8D00E10821 /* AppDelegate.swift */; };
		7E05F26927838D8D00E10821 /* SceneDelegate.swift in Sources */ = {isa = PBXBuildFile; fileRef = 7E05F26827838D8D00E10821 /* SceneDelegate.swift */; };
		7E05F26B27838D8D00E10821 /* ViewController.swift in Sources */ = {isa = PBXBuildFile; fileRef = 7E05F26A27838D8D00E10821 /* ViewController.swift */; };
		7E05F26E27838D8D00E10821 /* Main.storyboard in Resources */ = {isa = PBXBuildFile; fileRef = 7E05F26C27838D8D00E10821 /* Main.storyboard */; };
		7E05F27027838D9100E10821 /* Assets.xcassets in Resources */ = {isa = PBXBuildFile; fileRef = 7E05F26F27838D9100E10821 /* Assets.xcassets */; };
		7E05F27327838D9100E10821 /* LaunchScreen.storyboard in Resources */ = {isa = PBXBuildFile; fileRef = 7E05F27127838D9100E10821 /* LaunchScreen.storyboard */; };
		7E05F27E27838D9100E10821 /* MVVMTests.swift in Sources */ = {isa = PBXBuildFile; fileRef = 7E05F27D27838D9100E10821 /* MVVMTests.swift */; };
		7E05F28827838D9100E10821 /* MVVMUITests.swift in Sources */ = {isa = PBXBuildFile; fileRef = 7E05F28727838D9100E10821 /* MVVMUITests.swift */; };
		7E05F28A27838D9100E10821 /* MVVMUITestsLaunchTests.swift in Sources */ = {isa = PBXBuildFile; fileRef = 7E05F28927838D9100E10821 /* MVVMUITestsLaunchTests.swift */; };
		7E16DA9D279098B10078CA53 /* SimpsonsModel.swift in Sources */ = {isa = PBXBuildFile; fileRef = 7E16DA9C279098B10078CA53 /* SimpsonsModel.swift */; };
		7E16DA9F2790A74B0078CA53 /* CollectionViewCell.swift in Sources */ = {isa = PBXBuildFile; fileRef = 7E16DA9E2790A74B0078CA53 /* CollectionViewCell.swift */; };
		7E16DAA12790A98C0078CA53 /* RequestManager.swift in Sources */ = {isa = PBXBuildFile; fileRef = 7E16DAA02790A98C0078CA53 /* RequestManager.swift */; };
/* End PBXBuildFile section */

/* Begin PBXContainerItemProxy section */
		7E05F27A27838D9100E10821 /* PBXContainerItemProxy */ = {
			isa = PBXContainerItemProxy;
			containerPortal = 7E05F25B27838D8D00E10821 /* Project object */;
			proxyType = 1;
			remoteGlobalIDString = 7E05F26227838D8D00E10821;
			remoteInfo = MVVM;
		};
		7E05F28427838D9100E10821 /* PBXContainerItemProxy */ = {
			isa = PBXContainerItemProxy;
			containerPortal = 7E05F25B27838D8D00E10821 /* Project object */;
			proxyType = 1;
			remoteGlobalIDString = 7E05F26227838D8D00E10821;
			remoteInfo = MVVM;
		};
/* End PBXContainerItemProxy section */

/* Begin PBXFileReference section */
		7E05F26327838D8D00E10821 /* MVVM.app */ = {isa = PBXFileReference; explicitFileType = wrapper.application; includeInIndex = 0; path = MVVM.app; sourceTree = BUILT_PRODUCTS_DIR; };
		7E05F26627838D8D00E10821 /* AppDelegate.swift */ = {isa = PBXFileReference; lastKnownFileType = sourcecode.swift; path = AppDelegate.swift; sourceTree = "<group>"; };
		7E05F26827838D8D00E10821 /* SceneDelegate.swift */ = {isa = PBXFileReference; lastKnownFileType = sourcecode.swift; path = SceneDelegate.swift; sourceTree = "<group>"; };
		7E05F26A27838D8D00E10821 /* ViewController.swift */ = {isa = PBXFileReference; lastKnownFileType = sourcecode.swift; path = ViewController.swift; sourceTree = "<group>"; };
		7E05F26D27838D8D00E10821 /* Base */ = {isa = PBXFileReference; lastKnownFileType = file.storyboard; name = Base; path = Base.lproj/Main.storyboard; sourceTree = "<group>"; };
		7E05F26F27838D9100E10821 /* Assets.xcassets */ = {isa = PBXFileReference; lastKnownFileType = folder.assetcatalog; path = Assets.xcassets; sourceTree = "<group>"; };
		7E05F27227838D9100E10821 /* Base */ = {isa = PBXFileReference; lastKnownFileType = file.storyboard; name = Base; path = Base.lproj/LaunchScreen.storyboard; sourceTree = "<group>"; };
		7E05F27427838D9100E10821 /* Info.plist */ = {isa = PBXFileReference; lastKnownFileType = text.plist.xml; path = Info.plist; sourceTree = "<group>"; };
		7E05F27927838D9100E10821 /* MVVMTests.xctest */ = {isa = PBXFileReference; explicitFileType = wrapper.cfbundle; includeInIndex = 0; path = MVVMTests.xctest; sourceTree = BUILT_PRODUCTS_DIR; };
		7E05F27D27838D9100E10821 /* MVVMTests.swift */ = {isa = PBXFileReference; lastKnownFileType = sourcecode.swift; path = MVVMTests.swift; sourceTree = "<group>"; };
		7E05F28327838D9100E10821 /* MVVMUITests.xctest */ = {isa = PBXFileReference; explicitFileType = wrapper.cfbundle; includeInIndex = 0; path = MVVMUITests.xctest; sourceTree = BUILT_PRODUCTS_DIR; };
		7E05F28727838D9100E10821 /* MVVMUITests.swift */ = {isa = PBXFileReference; lastKnownFileType = sourcecode.swift; path = MVVMUITests.swift; sourceTree = "<group>"; };
		7E05F28927838D9100E10821 /* MVVMUITestsLaunchTests.swift */ = {isa = PBXFileReference; lastKnownFileType = sourcecode.swift; path = MVVMUITestsLaunchTests.swift; sourceTree = "<group>"; };
		7E16DA9C279098B10078CA53 /* SimpsonsModel.swift */ = {isa = PBXFileReference; lastKnownFileType = sourcecode.swift; path = SimpsonsModel.swift; sourceTree = "<group>"; };
		7E16DA9E2790A74B0078CA53 /* CollectionViewCell.swift */ = {isa = PBXFileReference; lastKnownFileType = sourcecode.swift; path = CollectionViewCell.swift; sourceTree = "<group>"; };
		7E16DAA02790A98C0078CA53 /* RequestManager.swift */ = {isa = PBXFileReference; lastKnownFileType = sourcecode.swift; path = RequestManager.swift; sourceTree = "<group>"; };
/* End PBXFileReference section */

/* Begin PBXFrameworksBuildPhase section */
		7E05F26027838D8D00E10821 /* Frameworks */ = {
			isa = PBXFrameworksBuildPhase;
			buildActionMask = 2147483647;
			files = (
			);
			runOnlyForDeploymentPostprocessing = 0;
		};
		7E05F27627838D9100E10821 /* Frameworks */ = {
			isa = PBXFrameworksBuildPhase;
			buildActionMask = 2147483647;
			files = (
			);
			runOnlyForDeploymentPostprocessing = 0;
		};
		7E05F28027838D9100E10821 /* Frameworks */ = {
			isa = PBXFrameworksBuildPhase;
			buildActionMask = 2147483647;
			files = (
			);
			runOnlyForDeploymentPostprocessing = 0;
		};
/* End PBXFrameworksBuildPhase section */

/* Begin PBXGroup section */
		7E05F25A27838D8D00E10821 = {
			isa = PBXGroup;
			children = (
				7E05F26527838D8D00E10821 /* MVVM */,
				7E05F27C27838D9100E10821 /* MVVMTests */,
				7E05F28627838D9100E10821 /* MVVMUITests */,
				7E05F26427838D8D00E10821 /* Products */,
			);
			sourceTree = "<group>";
		};
		7E05F26427838D8D00E10821 /* Products */ = {
			isa = PBXGroup;
			children = (
				7E05F26327838D8D00E10821 /* MVVM.app */,
				7E05F27927838D9100E10821 /* MVVMTests.xctest */,
				7E05F28327838D9100E10821 /* MVVMUITests.xctest */,
			);
			name = Products;
			sourceTree = "<group>";
		};
		7E05F26527838D8D00E10821 /* MVVM */ = {
			isa = PBXGroup;
			children = (
				7E05F2982783A9BB00E10821 /* ViewModel */,
				7E05F2972783A9B500E10821 /* View */,
				7E05F2962783A9AB00E10821 /* Model */,
				7E05F26627838D8D00E10821 /* AppDelegate.swift */,
				7E05F26827838D8D00E10821 /* SceneDelegate.swift */,
				7E05F26C27838D8D00E10821 /* Main.storyboard */,
				7E05F26F27838D9100E10821 /* Assets.xcassets */,
				7E05F27127838D9100E10821 /* LaunchScreen.storyboard */,
				7E05F27427838D9100E10821 /* Info.plist */,
			);
			path = MVVM;
			sourceTree = "<group>";
		};
		7E05F27C27838D9100E10821 /* MVVMTests */ = {
			isa = PBXGroup;
			children = (
				7E05F27D27838D9100E10821 /* MVVMTests.swift */,
			);
			path = MVVMTests;
			sourceTree = "<group>";
		};
		7E05F28627838D9100E10821 /* MVVMUITests */ = {
			isa = PBXGroup;
			children = (
				7E05F28727838D9100E10821 /* MVVMUITests.swift */,
				7E05F28927838D9100E10821 /* MVVMUITestsLaunchTests.swift */,
			);
			path = MVVMUITests;
			sourceTree = "<group>";
		};
		7E05F2962783A9AB00E10821 /* Model */ = {
			isa = PBXGroup;
			children = (
				7E16DA9C279098B10078CA53 /* SimpsonsModel.swift */,
			);
			path = Model;
			sourceTree = "<group>";
		};
		7E05F2972783A9B500E10821 /* View */ = {
			isa = PBXGroup;
			children = (
				7E05F26A27838D8D00E10821 /* ViewController.swift */,
				7E16DA9E2790A74B0078CA53 /* CollectionViewCell.swift */,
			);
			path = View;
			sourceTree = "<group>";
		};
		7E05F2982783A9BB00E10821 /* ViewModel */ = {
			isa = PBXGroup;
			children = (
				7E16DAA02790A98C0078CA53 /* RequestManager.swift */,
			);
			path = ViewModel;
			sourceTree = "<group>";
		};
/* End PBXGroup section */

/* Begin PBXNativeTarget section */
		7E05F26227838D8D00E10821 /* MVVM */ = {
			isa = PBXNativeTarget;
			buildConfigurationList = 7E05F28D27838D9100E10821 /* Build configuration list for PBXNativeTarget "MVVM" */;
			buildPhases = (
				7E05F25F27838D8D00E10821 /* Sources */,
				7E05F26027838D8D00E10821 /* Frameworks */,
				7E05F26127838D8D00E10821 /* Resources */,
			);
			buildRules = (
			);
			dependencies = (
			);
			name = MVVM;
			productName = MVVM;
			productReference = 7E05F26327838D8D00E10821 /* MVVM.app */;
			productType = "com.apple.product-type.application";
		};
		7E05F27827838D9100E10821 /* MVVMTests */ = {
			isa = PBXNativeTarget;
			buildConfigurationList = 7E05F29027838D9100E10821 /* Build configuration list for PBXNativeTarget "MVVMTests" */;
			buildPhases = (
				7E05F27527838D9100E10821 /* Sources */,
				7E05F27627838D9100E10821 /* Frameworks */,
				7E05F27727838D9100E10821 /* Resources */,
			);
			buildRules = (
			);
			dependencies = (
				7E05F27B27838D9100E10821 /* PBXTargetDependency */,
			);
			name = MVVMTests;
			productName = MVVMTests;
			productReference = 7E05F27927838D9100E10821 /* MVVMTests.xctest */;
			productType = "com.apple.product-type.bundle.unit-test";
		};
		7E05F28227838D9100E10821 /* MVVMUITests */ = {
			isa = PBXNativeTarget;
			buildConfigurationList = 7E05F29327838D9100E10821 /* Build configuration list for PBXNativeTarget "MVVMUITests" */;
			buildPhases = (
				7E05F27F27838D9100E10821 /* Sources */,
				7E05F28027838D9100E10821 /* Frameworks */,
				7E05F28127838D9100E10821 /* Resources */,
			);
			buildRules = (
			);
			dependencies = (
				7E05F28527838D9100E10821 /* PBXTargetDependency */,
			);
			name = MVVMUITests;
			productName = MVVMUITests;
			productReference = 7E05F28327838D9100E10821 /* MVVMUITests.xctest */;
			productType = "com.apple.product-type.bundle.ui-testing";
		};
/* End PBXNativeTarget section */

/* Begin PBXProject section */
		7E05F25B27838D8D00E10821 /* Project object */ = {
			isa = PBXProject;
			attributes = {
				BuildIndependentTargetsInParallel = 1;
				LastSwiftUpdateCheck = 1320;
				LastUpgradeCheck = 1320;
				TargetAttributes = {
					7E05F26227838D8D00E10821 = {
						CreatedOnToolsVersion = 13.2.1;
					};
					7E05F27827838D9100E10821 = {
						CreatedOnToolsVersion = 13.2.1;
						TestTargetID = 7E05F26227838D8D00E10821;
					};
					7E05F28227838D9100E10821 = {
						CreatedOnToolsVersion = 13.2.1;
						TestTargetID = 7E05F26227838D8D00E10821;
					};
				};
			};
			buildConfigurationList = 7E05F25E27838D8D00E10821 /* Build configuration list for PBXProject "MVVM" */;
			compatibilityVersion = "Xcode 13.0";
			developmentRegion = en;
			hasScannedForEncodings = 0;
			knownRegions = (
				en,
				Base,
			);
			mainGroup = 7E05F25A27838D8D00E10821;
			productRefGroup = 7E05F26427838D8D00E10821 /* Products */;
			projectDirPath = "";
			projectRoot = "";
			targets = (
				7E05F26227838D8D00E10821 /* MVVM */,
				7E05F27827838D9100E10821 /* MVVMTests */,
				7E05F28227838D9100E10821 /* MVVMUITests */,
			);
		};
/* End PBXProject section */

/* Begin PBXResourcesBuildPhase section */
		7E05F26127838D8D00E10821 /* Resources */ = {
			isa = PBXResourcesBuildPhase;
			buildActionMask = 2147483647;
			files = (
				7E05F27327838D9100E10821 /* LaunchScreen.storyboard in Resources */,
				7E05F27027838D9100E10821 /* Assets.xcassets in Resources */,
				7E05F26E27838D8D00E10821 /* Main.storyboard in Resources */,
			);
			runOnlyForDeploymentPostprocessing = 0;
		};
		7E05F27727838D9100E10821 /* Resources */ = {
			isa = PBXResourcesBuildPhase;
			buildActionMask = 2147483647;
			files = (
			);
			runOnlyForDeploymentPostprocessing = 0;
		};
		7E05F28127838D9100E10821 /* Resources */ = {
			isa = PBXResourcesBuildPhase;
			buildActionMask = 2147483647;
			files = (
			);
			runOnlyForDeploymentPostprocessing = 0;
		};
/* End PBXResourcesBuildPhase section */

/* Begin PBXSourcesBuildPhase section */
		7E05F25F27838D8D00E10821 /* Sources */ = {
			isa = PBXSourcesBuildPhase;
			buildActionMask = 2147483647;
			files = (
				7E16DA9F2790A74B0078CA53 /* CollectionViewCell.swift in Sources */,
				7E05F26B27838D8D00E10821 /* ViewController.swift in Sources */,
				7E16DA9D279098B10078CA53 /* SimpsonsModel.swift in Sources */,
				7E16DAA12790A98C0078CA53 /* RequestManager.swift in Sources */,
				7E05F26727838D8D00E10821 /* AppDelegate.swift in Sources */,
				7E05F26927838D8D00E10821 /* SceneDelegate.swift in Sources */,
			);
			runOnlyForDeploymentPostprocessing = 0;
		};
		7E05F27527838D9100E10821 /* Sources */ = {
			isa = PBXSourcesBuildPhase;
			buildActionMask = 2147483647;
			files = (
				7E05F27E27838D9100E10821 /* MVVMTests.swift in Sources */,
			);
			runOnlyForDeploymentPostprocessing = 0;
		};
		7E05F27F27838D9100E10821 /* Sources */ = {
			isa = PBXSourcesBuildPhase;
			buildActionMask = 2147483647;
			files = (
				7E05F28A27838D9100E10821 /* MVVMUITestsLaunchTests.swift in Sources */,
				7E05F28827838D9100E10821 /* MVVMUITests.swift in Sources */,
			);
			runOnlyForDeploymentPostprocessing = 0;
		};
/* End PBXSourcesBuildPhase section */

/* Begin PBXTargetDependency section */
		7E05F27B27838D9100E10821 /* PBXTargetDependency */ = {
			isa = PBXTargetDependency;
			target = 7E05F26227838D8D00E10821 /* MVVM */;
			targetProxy = 7E05F27A27838D9100E10821 /* PBXContainerItemProxy */;
		};
		7E05F28527838D9100E10821 /* PBXTargetDependency */ = {
			isa = PBXTargetDependency;
			target = 7E05F26227838D8D00E10821 /* MVVM */;
			targetProxy = 7E05F28427838D9100E10821 /* PBXContainerItemProxy */;
		};
/* End PBXTargetDependency section */

/* Begin PBXVariantGroup section */
		7E05F26C27838D8D00E10821 /* Main.storyboard */ = {
			isa = PBXVariantGroup;
			children = (
				7E05F26D27838D8D00E10821 /* Base */,
			);
			name = Main.storyboard;
			sourceTree = "<group>";
		};
		7E05F27127838D9100E10821 /* LaunchScreen.storyboard */ = {
			isa = PBXVariantGroup;
			children = (
				7E05F27227838D9100E10821 /* Base */,
			);
			name = LaunchScreen.storyboard;
			sourceTree = "<group>";
		};
/* End PBXVariantGroup section */

/* Begin XCBuildConfiguration section */
		7E05F28B27838D9100E10821 /* Debug */ = {
			isa = XCBuildConfiguration;
			buildSettings = {
				ALWAYS_SEARCH_USER_PATHS = NO;
				CLANG_ANALYZER_NONNULL = YES;
				CLANG_ANALYZER_NUMBER_OBJECT_CONVERSION = YES_AGGRESSIVE;
				CLANG_CXX_LANGUAGE_STANDARD = "gnu++17";
				CLANG_CXX_LIBRARY = "libc++";
				CLANG_ENABLE_MODULES = YES;
				CLANG_ENABLE_OBJC_ARC = YES;
				CLANG_ENABLE_OBJC_WEAK = YES;
				CLANG_WARN_BLOCK_CAPTURE_AUTORELEASING = YES;
				CLANG_WARN_BOOL_CONVERSION = YES;
				CLANG_WARN_COMMA = YES;
				CLANG_WARN_CONSTANT_CONVERSION = YES;
				CLANG_WARN_DEPRECATED_OBJC_IMPLEMENTATIONS = YES;
				CLANG_WARN_DIRECT_OBJC_ISA_USAGE = YES_ERROR;
				CLANG_WARN_DOCUMENTATION_COMMENTS = YES;
				CLANG_WARN_EMPTY_BODY = YES;
				CLANG_WARN_ENUM_CONVERSION = YES;
				CLANG_WARN_INFINITE_RECURSION = YES;
				CLANG_WARN_INT_CONVERSION = YES;
				CLANG_WARN_NON_LITERAL_NULL_CONVERSION = YES;
				CLANG_WARN_OBJC_IMPLICIT_RETAIN_SELF = YES;
				CLANG_WARN_OBJC_LITERAL_CONVERSION = YES;
				CLANG_WARN_OBJC_ROOT_CLASS = YES_ERROR;
				CLANG_WARN_QUOTED_INCLUDE_IN_FRAMEWORK_HEADER = YES;
				CLANG_WARN_RANGE_LOOP_ANALYSIS = YES;
				CLANG_WARN_STRICT_PROTOTYPES = YES;
				CLANG_WARN_SUSPICIOUS_MOVE = YES;
				CLANG_WARN_UNGUARDED_AVAILABILITY = YES_AGGRESSIVE;
				CLANG_WARN_UNREACHABLE_CODE = YES;
				CLANG_WARN__DUPLICATE_METHOD_MATCH = YES;
				COPY_PHASE_STRIP = NO;
				DEBUG_INFORMATION_FORMAT = dwarf;
				ENABLE_STRICT_OBJC_MSGSEND = YES;
				ENABLE_TESTABILITY = YES;
				GCC_C_LANGUAGE_STANDARD = gnu11;
				GCC_DYNAMIC_NO_PIC = NO;
				GCC_NO_COMMON_BLOCKS = YES;
				GCC_OPTIMIZATION_LEVEL = 0;
				GCC_PREPROCESSOR_DEFINITIONS = (
					"DEBUG=1",
					"$(inherited)",
				);
				GCC_WARN_64_TO_32_BIT_CONVERSION = YES;
				GCC_WARN_ABOUT_RETURN_TYPE = YES_ERROR;
				GCC_WARN_UNDECLARED_SELECTOR = YES;
				GCC_WARN_UNINITIALIZED_AUTOS = YES_AGGRESSIVE;
				GCC_WARN_UNUSED_FUNCTION = YES;
				GCC_WARN_UNUSED_VARIABLE = YES;
				IPHONEOS_DEPLOYMENT_TARGET = 15.2;
				MTL_ENABLE_DEBUG_INFO = INCLUDE_SOURCE;
				MTL_FAST_MATH = YES;
				ONLY_ACTIVE_ARCH = YES;
				SDKROOT = iphoneos;
				SWIFT_ACTIVE_COMPILATION_CONDITIONS = DEBUG;
				SWIFT_OPTIMIZATION_LEVEL = "-Onone";
			};
			name = Debug;
		};
		7E05F28C27838D9100E10821 /* Release */ = {
			isa = XCBuildConfiguration;
			buildSettings = {
				ALWAYS_SEARCH_USER_PATHS = NO;
				CLANG_ANALYZER_NONNULL = YES;
				CLANG_ANALYZER_NUMBER_OBJECT_CONVERSION = YES_AGGRESSIVE;
				CLANG_CXX_LANGUAGE_STANDARD = "gnu++17";
				CLANG_CXX_LIBRARY = "libc++";
				CLANG_ENABLE_MODULES = YES;
				CLANG_ENABLE_OBJC_ARC = YES;
				CLANG_ENABLE_OBJC_WEAK = YES;
				CLANG_WARN_BLOCK_CAPTURE_AUTORELEASING = YES;
				CLANG_WARN_BOOL_CONVERSION = YES;
				CLANG_WARN_COMMA = YES;
				CLANG_WARN_CONSTANT_CONVERSION = YES;
				CLANG_WARN_DEPRECATED_OBJC_IMPLEMENTATIONS = YES;
				CLANG_WARN_DIRECT_OBJC_ISA_USAGE = YES_ERROR;
				CLANG_WARN_DOCUMENTATION_COMMENTS = YES;
				CLANG_WARN_EMPTY_BODY = YES;
				CLANG_WARN_ENUM_CONVERSION = YES;
				CLANG_WARN_INFINITE_RECURSION = YES;
				CLANG_WARN_INT_CONVERSION = YES;
				CLANG_WARN_NON_LITERAL_NULL_CONVERSION = YES;
				CLANG_WARN_OBJC_IMPLICIT_RETAIN_SELF = YES;
				CLANG_WARN_OBJC_LITERAL_CONVERSION = YES;
				CLANG_WARN_OBJC_ROOT_CLASS = YES_ERROR;
				CLANG_WARN_QUOTED_INCLUDE_IN_FRAMEWORK_HEADER = YES;
				CLANG_WARN_RANGE_LOOP_ANALYSIS = YES;
				CLANG_WARN_STRICT_PROTOTYPES = YES;
				CLANG_WARN_SUSPICIOUS_MOVE = YES;
				CLANG_WARN_UNGUARDED_AVAILABILITY = YES_AGGRESSIVE;
				CLANG_WARN_UNREACHABLE_CODE = YES;
				CLANG_WARN__DUPLICATE_METHOD_MATCH = YES;
				COPY_PHASE_STRIP = NO;
				DEBUG_INFORMATION_FORMAT = "dwarf-with-dsym";
				ENABLE_NS_ASSERTIONS = NO;
				ENABLE_STRICT_OBJC_MSGSEND = YES;
				GCC_C_LANGUAGE_STANDARD = gnu11;
				GCC_NO_COMMON_BLOCKS = YES;
				GCC_WARN_64_TO_32_BIT_CONVERSION = YES;
				GCC_WARN_ABOUT_RETURN_TYPE = YES_ERROR;
				GCC_WARN_UNDECLARED_SELECTOR = YES;
				GCC_WARN_UNINITIALIZED_AUTOS = YES_AGGRESSIVE;
				GCC_WARN_UNUSED_FUNCTION = YES;
				GCC_WARN_UNUSED_VARIABLE = YES;
				IPHONEOS_DEPLOYMENT_TARGET = 15.2;
				MTL_ENABLE_DEBUG_INFO = NO;
				MTL_FAST_MATH = YES;
				SDKROOT = iphoneos;
				SWIFT_COMPILATION_MODE = wholemodule;
				SWIFT_OPTIMIZATION_LEVEL = "-O";
				VALIDATE_PRODUCT = YES;
			};
			name = Release;
		};
		7E05F28E27838D9100E10821 /* Debug */ = {
			isa = XCBuildConfiguration;
			buildSettings = {
				ASSETCATALOG_COMPILER_APPICON_NAME = AppIcon;
				ASSETCATALOG_COMPILER_GLOBAL_ACCENT_COLOR_NAME = AccentColor;
				CODE_SIGN_STYLE = Automatic;
				CURRENT_PROJECT_VERSION = 1;
				GENERATE_INFOPLIST_FILE = YES;
				INFOPLIST_FILE = MVVM/Info.plist;
				INFOPLIST_KEY_UIApplicationSupportsIndirectInputEvents = YES;
				INFOPLIST_KEY_UILaunchStoryboardName = LaunchScreen;
				INFOPLIST_KEY_UIMainStoryboardFile = Main;
				INFOPLIST_KEY_UISupportedInterfaceOrientations_iPad = "UIInterfaceOrientationPortrait UIInterfaceOrientationPortraitUpsideDown UIInterfaceOrientationLandscapeLeft UIInterfaceOrientationLandscapeRight";
				INFOPLIST_KEY_UISupportedInterfaceOrientations_iPhone = "UIInterfaceOrientationPortrait UIInterfaceOrientationLandscapeLeft UIInterfaceOrientationLandscapeRight";
				LD_RUNPATH_SEARCH_PATHS = (
					"$(inherited)",
					"@executable_path/Frameworks",
				);
				MARKETING_VERSION = 1.0;
				PRODUCT_BUNDLE_IDENTIFIER = com.dan.MVVM;
				PRODUCT_NAME = "$(TARGET_NAME)";
				SWIFT_EMIT_LOC_STRINGS = YES;
				SWIFT_VERSION = 5.0;
				TARGETED_DEVICE_FAMILY = "1,2";
			};
			name = Debug;
		};
		7E05F28F27838D9100E10821 /* Release */ = {
			isa = XCBuildConfiguration;
			buildSettings = {
				ASSETCATALOG_COMPILER_APPICON_NAME = AppIcon;
				ASSETCATALOG_COMPILER_GLOBAL_ACCENT_COLOR_NAME = AccentColor;
				CODE_SIGN_STYLE = Automatic;
				CURRENT_PROJECT_VERSION = 1;
				GENERATE_INFOPLIST_FILE = YES;
				INFOPLIST_FILE = MVVM/Info.plist;
				INFOPLIST_KEY_UIApplicationSupportsIndirectInputEvents = YES;
				INFOPLIST_KEY_UILaunchStoryboardName = LaunchScreen;
				INFOPLIST_KEY_UIMainStoryboardFile = Main;
				INFOPLIST_KEY_UISupportedInterfaceOrientations_iPad = "UIInterfaceOrientationPortrait UIInterfaceOrientationPortraitUpsideDown UIInterfaceOrientationLandscapeLeft UIInterfaceOrientationLandscapeRight";
				INFOPLIST_KEY_UISupportedInterfaceOrientations_iPhone = "UIInterfaceOrientationPortrait UIInterfaceOrientationLandscapeLeft UIInterfaceOrientationLandscapeRight";
				LD_RUNPATH_SEARCH_PATHS = (
					"$(inherited)",
					"@executable_path/Frameworks",
				);
				MARKETING_VERSION = 1.0;
				PRODUCT_BUNDLE_IDENTIFIER = com.dan.MVVM;
				PRODUCT_NAME = "$(TARGET_NAME)";
				SWIFT_EMIT_LOC_STRINGS = YES;
				SWIFT_VERSION = 5.0;
				TARGETED_DEVICE_FAMILY = "1,2";
			};
			name = Release;
		};
		7E05F29127838D9100E10821 /* Debug */ = {
			isa = XCBuildConfiguration;
			buildSettings = {
				ALWAYS_EMBED_SWIFT_STANDARD_LIBRARIES = YES;
				BUNDLE_LOADER = "$(TEST_HOST)";
				CODE_SIGN_STYLE = Automatic;
				CURRENT_PROJECT_VERSION = 1;
				GENERATE_INFOPLIST_FILE = YES;
				IPHONEOS_DEPLOYMENT_TARGET = 15.2;
				MARKETING_VERSION = 1.0;
				PRODUCT_BUNDLE_IDENTIFIER = com.dan.MVVMTests;
				PRODUCT_NAME = "$(TARGET_NAME)";
				SWIFT_EMIT_LOC_STRINGS = NO;
				SWIFT_VERSION = 5.0;
				TARGETED_DEVICE_FAMILY = "1,2";
				TEST_HOST = "$(BUILT_PRODUCTS_DIR)/MVVM.app/MVVM";
			};
			name = Debug;
		};
		7E05F29227838D9100E10821 /* Release */ = {
			isa = XCBuildConfiguration;
			buildSettings = {
				ALWAYS_EMBED_SWIFT_STANDARD_LIBRARIES = YES;
				BUNDLE_LOADER = "$(TEST_HOST)";
				CODE_SIGN_STYLE = Automatic;
				CURRENT_PROJECT_VERSION = 1;
				GENERATE_INFOPLIST_FILE = YES;
				IPHONEOS_DEPLOYMENT_TARGET = 15.2;
				MARKETING_VERSION = 1.0;
				PRODUCT_BUNDLE_IDENTIFIER = com.dan.MVVMTests;
				PRODUCT_NAME = "$(TARGET_NAME)";
				SWIFT_EMIT_LOC_STRINGS = NO;
				SWIFT_VERSION = 5.0;
				TARGETED_DEVICE_FAMILY = "1,2";
				TEST_HOST = "$(BUILT_PRODUCTS_DIR)/MVVM.app/MVVM";
			};
			name = Release;
		};
		7E05F29427838D9100E10821 /* Debug */ = {
			isa = XCBuildConfiguration;
			buildSettings = {
				ALWAYS_EMBED_SWIFT_STANDARD_LIBRARIES = YES;
				CODE_SIGN_STYLE = Automatic;
				CURRENT_PROJECT_VERSION = 1;
				GENERATE_INFOPLIST_FILE = YES;
				MARKETING_VERSION = 1.0;
				PRODUCT_BUNDLE_IDENTIFIER = com.dan.MVVMUITests;
				PRODUCT_NAME = "$(TARGET_NAME)";
				SWIFT_EMIT_LOC_STRINGS = NO;
				SWIFT_VERSION = 5.0;
				TARGETED_DEVICE_FAMILY = "1,2";
				TEST_TARGET_NAME = MVVM;
			};
			name = Debug;
		};
		7E05F29527838D9100E10821 /* Release */ = {
			isa = XCBuildConfiguration;
			buildSettings = {
				ALWAYS_EMBED_SWIFT_STANDARD_LIBRARIES = YES;
				CODE_SIGN_STYLE = Automatic;
				CURRENT_PROJECT_VERSION = 1;
				GENERATE_INFOPLIST_FILE = YES;
				MARKETING_VERSION = 1.0;
				PRODUCT_BUNDLE_IDENTIFIER = com.dan.MVVMUITests;
				PRODUCT_NAME = "$(TARGET_NAME)";
				SWIFT_EMIT_LOC_STRINGS = NO;
				SWIFT_VERSION = 5.0;
				TARGETED_DEVICE_FAMILY = "1,2";
				TEST_TARGET_NAME = MVVM;
			};
			name = Release;
		};
/* End XCBuildConfiguration section */

/* Begin XCConfigurationList section */
		7E05F25E27838D8D00E10821 /* Build configuration list for PBXProject "MVVM" */ = {
			isa = XCConfigurationList;
			buildConfigurations = (
				7E05F28B27838D9100E10821 /* Debug */,
				7E05F28C27838D9100E10821 /* Release */,
			);
			defaultConfigurationIsVisible = 0;
			defaultConfigurationName = Release;
		};
		7E05F28D27838D9100E10821 /* Build configuration list for PBXNativeTarget "MVVM" */ = {
			isa = XCConfigurationList;
			buildConfigurations = (
				7E05F28E27838D9100E10821 /* Debug */,
				7E05F28F27838D9100E10821 /* Release */,
			);
			defaultConfigurationIsVisible = 0;
			defaultConfigurationName = Release;
		};
		7E05F29027838D9100E10821 /* Build configuration list for PBXNativeTarget "MVVMTests" */ = {
			isa = XCConfigurationList;
			buildConfigurations = (
				7E05F29127838D9100E10821 /* Debug */,
				7E05F29227838D9100E10821 /* Release */,
			);
			defaultConfigurationIsVisible = 0;
			defaultConfigurationName = Release;
		};
		7E05F29327838D9100E10821 /* Build configuration list for PBXNativeTarget "MVVMUITests" */ = {
			isa = XCConfigurationList;
			buildConfigurations = (
				7E05F29427838D9100E10821 /* Debug */,
				7E05F29527838D9100E10821 /* Release */,
			);
			defaultConfigurationIsVisible = 0;
			defaultConfigurationName = Release;
		};
/* End XCConfigurationList section */
	};
	rootObject = 7E05F25B27838D8D00E10821 /* Project object */;
}
